
Microsoft Visual Studio Solution File, Format Version 12.00
# Visual Studio Version 16
VisualStudioVersion = 16.0.28803.202
MinimumVisualStudioVersion = 10.0.40219.1
Project("{FAE04EC0-301F-11D3-BF4B-00C04F79EFBC}") = "UnitTests", "UnitTests\UnitTests.csproj", "{0A0ECE39-C0D3-433B-A031-0829451665E6}"
EndProject
Project("{FAE04EC0-301F-11D3-BF4B-00C04F79EFBC}") = "Prototype", "Prototype\Prototype.csproj", "{4BF403B8-146B-40E1-AFEE-88E9239E8114}"
EndProject
Project("{FAE04EC0-301F-11D3-BF4B-00C04F79EFBC}") = "FactoryMethod", "FactoryMethod\FactoryMethod.csproj", "{FA9702CB-C614-427F-A111-A1453B66711F}"
EndProject
Project("{FAE04EC0-301F-11D3-BF4B-00C04F79EFBC}") = "Singleton", "Singleton\Singleton.csproj", "{24E1B6AA-3253-4A04-9E7C-BE3B77F114E4}"
EndProject
Global
	GlobalSection(SolutionConfigurationPlatforms) = preSolution
		Debug|Any CPU = Debug|Any CPU
		Release|Any CPU = Release|Any CPU
	EndGlobalSection
	GlobalSection(ProjectConfigurationPlatforms) = postSolution
		{0A0ECE39-C0D3-433B-A031-0829451665E6}.Debug|Any CPU.ActiveCfg = Debug|Any CPU
		{0A0ECE39-C0D3-433B-A031-0829451665E6}.Debug|Any CPU.Build.0 = Debug|Any CPU
		{0A0ECE39-C0D3-433B-A031-0829451665E6}.Release|Any CPU.ActiveCfg = Release|Any CPU
		{0A0ECE39-C0D3-433B-A031-0829451665E6}.Release|Any CPU.Build.0 = Release|Any CPU
		{4BF403B8-146B-40E1-AFEE-88E9239E8114}.Debug|Any CPU.ActiveCfg = Debug|Any CPU
		{4BF403B8-146B-40E1-AFEE-88E9239E8114}.Debug|Any CPU.Build.0 = Debug|Any CPU
		{4BF403B8-146B-40E1-AFEE-88E9239E8114}.Release|Any CPU.ActiveCfg = Release|Any CPU
		{4BF403B8-146B-40E1-AFEE-88E9239E8114}.Release|Any CPU.Build.0 = Release|Any CPU
		{FA9702CB-C614-427F-A111-A1453B66711F}.Debug|Any CPU.ActiveCfg = Debug|Any CPU
		{FA9702CB-C614-427F-A111-A1453B66711F}.Debug|Any CPU.Build.0 = Debug|Any CPU
		{FA9702CB-C614-427F-A111-A1453B66711F}.Release|Any CPU.ActiveCfg = Release|Any CPU
		{FA9702CB-C614-427F-A111-A1453B66711F}.Release|Any CPU.Build.0 = Release|Any CPU
		{24E1B6AA-3253-4A04-9E7C-BE3B77F114E4}.Debug|Any CPU.ActiveCfg = Debug|Any CPU
		{24E1B6AA-3253-4A04-9E7C-BE3B77F114E4}.Debug|Any CPU.Build.0 = Debug|Any CPU
		{24E1B6AA-3253-4A04-9E7C-BE3B77F114E4}.Release|Any CPU.ActiveCfg = Release|Any CPU
		{24E1B6AA-3253-4A04-9E7C-BE3B77F114E4}.Release|Any CPU.Build.0 = Release|Any CPU
	EndGlobalSection
	GlobalSection(SolutionProperties) = preSolution
		HideSolutionNode = FALSE
	EndGlobalSection
	GlobalSection(ExtensibilityGlobals) = postSolution
		SolutionGuid = {084B8FA2-3191-4BEA-ABE6-025FD61A8E86}
	EndGlobalSection
EndGlobal
